
Microsoft Visual Studio Solution File, Format Version 12.00
# Visual Studio Version 16
VisualStudioVersion = 25.0.1705.0
MinimumVisualStudioVersion = 10.0.40219.1
Project("{FAE04EC0-301F-11D3-BF4B-00C04F79EFBC}") = "readxlsx", "readxlsx.csproj", "{3EA775D4-E271-4F26-974E-F80D05046D7C}"
EndProject
Global
	GlobalSection(SolutionConfigurationPlatforms) = preSolution
		Debug|Any CPU = Debug|Any CPU
		Release|Any CPU = Release|Any CPU
	EndGlobalSection
	GlobalSection(ProjectConfigurationPlatforms) = postSolution
		{3EA775D4-E271-4F26-974E-F80D05046D7C}.Debug|Any CPU.ActiveCfg = Debug|Any CPU
		{3EA775D4-E271-4F26-974E-F80D05046D7C}.Debug|Any CPU.Build.0 = Debug|Any CPU
		{3EA775D4-E271-4F26-974E-F80D05046D7C}.Release|Any CPU.ActiveCfg = Release|Any CPU
		{3EA775D4-E271-4F26-974E-F80D05046D7C}.Release|Any CPU.Build.0 = Release|Any CPU
	EndGlobalSection
	GlobalSection(SolutionProperties) = preSolution
		HideSolutionNode = FALSE
	EndGlobalSection
	GlobalSection(ExtensibilityGlobals) = postSolution
		SolutionGuid = {CCCFF34C-BAAE-47D1-9FCB-D548F3AEB0E0}
	EndGlobalSection
EndGlobal
